
Microsoft Visual Studio Solution File, Format Version 12.00
# Visual Studio Version 17
VisualStudioVersion = 17.10.35013.160
MinimumVisualStudioVersion = 10.0.40219.1
Project("{FAE04EC0-301F-11D3-BF4B-00C04F79EFBC}") = "79", "79\79.csproj", "{3B2DFC85-ACF9-4BD5-BEFF-FC90B41A647D}"
EndProject
Global
	GlobalSection(SolutionConfigurationPlatforms) = preSolution
		Debug|Any CPU = Debug|Any CPU
		Release|Any CPU = Release|Any CPU
	EndGlobalSection
	GlobalSection(ProjectConfigurationPlatforms) = postSolution
		{3B2DFC85-ACF9-4BD5-BEFF-FC90B41A647D}.Debug|Any CPU.ActiveCfg = Debug|Any CPU
		{3B2DFC85-ACF9-4BD5-BEFF-FC90B41A647D}.Debug|Any CPU.Build.0 = Debug|Any CPU
		{3B2DFC85-ACF9-4BD5-BEFF-FC90B41A647D}.Release|Any CPU.ActiveCfg = Release|Any CPU
		{3B2DFC85-ACF9-4BD5-BEFF-FC90B41A647D}.Release|Any CPU.Build.0 = Release|Any CPU
	EndGlobalSection
	GlobalSection(SolutionProperties) = preSolution
		HideSolutionNode = FALSE
	EndGlobalSection
	GlobalSection(ExtensibilityGlobals) = postSolution
		SolutionGuid = {57B8F1CD-82C3-48B7-8616-9CD43740D5C2}
	EndGlobalSection
EndGlobal
