
Microsoft Visual Studio Solution File, Format Version 12.00
# Visual Studio Version 17
VisualStudioVersion = 17.10.35013.160
MinimumVisualStudioVersion = 10.0.40219.1
Project("{FAE04EC0-301F-11D3-BF4B-00C04F79EFBC}") = "88", "88\88.csproj", "{3157C578-A66D-46B7-B7E5-8E090F6C7A51}"
EndProject
Global
	GlobalSection(SolutionConfigurationPlatforms) = preSolution
		Debug|Any CPU = Debug|Any CPU
		Release|Any CPU = Release|Any CPU
	EndGlobalSection
	GlobalSection(ProjectConfigurationPlatforms) = postSolution
		{3157C578-A66D-46B7-B7E5-8E090F6C7A51}.Debug|Any CPU.ActiveCfg = Debug|Any CPU
		{3157C578-A66D-46B7-B7E5-8E090F6C7A51}.Debug|Any CPU.Build.0 = Debug|Any CPU
		{3157C578-A66D-46B7-B7E5-8E090F6C7A51}.Release|Any CPU.ActiveCfg = Release|Any CPU
		{3157C578-A66D-46B7-B7E5-8E090F6C7A51}.Release|Any CPU.Build.0 = Release|Any CPU
	EndGlobalSection
	GlobalSection(SolutionProperties) = preSolution
		HideSolutionNode = FALSE
	EndGlobalSection
	GlobalSection(ExtensibilityGlobals) = postSolution
		SolutionGuid = {52FB9E04-F4DC-4670-8F33-667C1A72F647}
	EndGlobalSection
EndGlobal
