
Microsoft Visual Studio Solution File, Format Version 12.00
# Visual Studio Version 17
VisualStudioVersion = 17.10.35013.160
MinimumVisualStudioVersion = 10.0.40219.1
Project("{FAE04EC0-301F-11D3-BF4B-00C04F79EFBC}") = "65", "65\65.csproj", "{021BB2A6-791F-47DE-ACF5-49027B6E1684}"
EndProject
Global
	GlobalSection(SolutionConfigurationPlatforms) = preSolution
		Debug|Any CPU = Debug|Any CPU
		Release|Any CPU = Release|Any CPU
	EndGlobalSection
	GlobalSection(ProjectConfigurationPlatforms) = postSolution
		{021BB2A6-791F-47DE-ACF5-49027B6E1684}.Debug|Any CPU.ActiveCfg = Debug|Any CPU
		{021BB2A6-791F-47DE-ACF5-49027B6E1684}.Debug|Any CPU.Build.0 = Debug|Any CPU
		{021BB2A6-791F-47DE-ACF5-49027B6E1684}.Release|Any CPU.ActiveCfg = Release|Any CPU
		{021BB2A6-791F-47DE-ACF5-49027B6E1684}.Release|Any CPU.Build.0 = Release|Any CPU
	EndGlobalSection
	GlobalSection(SolutionProperties) = preSolution
		HideSolutionNode = FALSE
	EndGlobalSection
	GlobalSection(ExtensibilityGlobals) = postSolution
		SolutionGuid = {DAC948D9-5741-482A-9305-E5920A4CF973}
	EndGlobalSection
EndGlobal
