
Microsoft Visual Studio Solution File, Format Version 12.00
# Visual Studio Version 17
VisualStudioVersion = 17.10.35013.160
MinimumVisualStudioVersion = 10.0.40219.1
Project("{FAE04EC0-301F-11D3-BF4B-00C04F79EFBC}") = "82", "82\82.csproj", "{A5B812C5-F3F3-4516-A391-8447CB8421CA}"
EndProject
Global
	GlobalSection(SolutionConfigurationPlatforms) = preSolution
		Debug|Any CPU = Debug|Any CPU
		Release|Any CPU = Release|Any CPU
	EndGlobalSection
	GlobalSection(ProjectConfigurationPlatforms) = postSolution
		{A5B812C5-F3F3-4516-A391-8447CB8421CA}.Debug|Any CPU.ActiveCfg = Debug|Any CPU
		{A5B812C5-F3F3-4516-A391-8447CB8421CA}.Debug|Any CPU.Build.0 = Debug|Any CPU
		{A5B812C5-F3F3-4516-A391-8447CB8421CA}.Release|Any CPU.ActiveCfg = Release|Any CPU
		{A5B812C5-F3F3-4516-A391-8447CB8421CA}.Release|Any CPU.Build.0 = Release|Any CPU
	EndGlobalSection
	GlobalSection(SolutionProperties) = preSolution
		HideSolutionNode = FALSE
	EndGlobalSection
	GlobalSection(ExtensibilityGlobals) = postSolution
		SolutionGuid = {57FCD0D8-F0B9-415E-AD9E-56C7F2329796}
	EndGlobalSection
EndGlobal
