
Microsoft Visual Studio Solution File, Format Version 12.00
# Visual Studio Version 17
VisualStudioVersion = 17.10.35013.160
MinimumVisualStudioVersion = 10.0.40219.1
Project("{FAE04EC0-301F-11D3-BF4B-00C04F79EFBC}") = "43", "43\43.csproj", "{6C7CD261-7EC1-4613-AE91-869770CEE205}"
EndProject
Global
	GlobalSection(SolutionConfigurationPlatforms) = preSolution
		Debug|Any CPU = Debug|Any CPU
		Release|Any CPU = Release|Any CPU
	EndGlobalSection
	GlobalSection(ProjectConfigurationPlatforms) = postSolution
		{6C7CD261-7EC1-4613-AE91-869770CEE205}.Debug|Any CPU.ActiveCfg = Debug|Any CPU
		{6C7CD261-7EC1-4613-AE91-869770CEE205}.Debug|Any CPU.Build.0 = Debug|Any CPU
		{6C7CD261-7EC1-4613-AE91-869770CEE205}.Release|Any CPU.ActiveCfg = Release|Any CPU
		{6C7CD261-7EC1-4613-AE91-869770CEE205}.Release|Any CPU.Build.0 = Release|Any CPU
	EndGlobalSection
	GlobalSection(SolutionProperties) = preSolution
		HideSolutionNode = FALSE
	EndGlobalSection
	GlobalSection(ExtensibilityGlobals) = postSolution
		SolutionGuid = {AF05A6C1-C1B4-4261-939F-80BB7BC4939C}
	EndGlobalSection
EndGlobal
